// !$*UTF8*$!
{
	archiveVersion = 1;
	classes = {
	};
	objectVersion = 51;
	objects = {

/* Begin PBXBuildFile section */
		4A3BBF3723D2074800CA58A9 /* TimeRegisterSummaryViewController.swift in Sources */ = {isa = PBXBuildFile; fileRef = 4A3BBF3623D2074800CA58A9 /* TimeRegisterSummaryViewController.swift */; };
		4A3BBF3A23D2074800CA58A9 /* Main.storyboard in Resources */ = {isa = PBXBuildFile; fileRef = 4A3BBF3823D2074800CA58A9 /* Main.storyboard */; };
		4A3BBF3C23D2074A00CA58A9 /* Assets.xcassets in Resources */ = {isa = PBXBuildFile; fileRef = 4A3BBF3B23D2074A00CA58A9 /* Assets.xcassets */; };
		4A3BBF4723D2290200CA58A9 /* DesignableView.swift in Sources */ = {isa = PBXBuildFile; fileRef = 4A3BBF4623D2290200CA58A9 /* DesignableView.swift */; };
		4A4ED9F523D9C1F5008C90CB /* TimeRegisterViewController.swift in Sources */ = {isa = PBXBuildFile; fileRef = 4A4ED9F423D9C1F5008C90CB /* TimeRegisterViewController.swift */; };
		4A59348F23F42C6A00DA1433 /* LogInViewController.swift in Sources */ = {isa = PBXBuildFile; fileRef = 4A59348E23F42C6A00DA1433 /* LogInViewController.swift */; };
		4A59349123F441A400DA1433 /* HomeViewController.swift in Sources */ = {isa = PBXBuildFile; fileRef = 4A59349023F441A400DA1433 /* HomeViewController.swift */; };
		4A59349323F6F8BB00DA1433 /* MinaProjektViewController.swift in Sources */ = {isa = PBXBuildFile; fileRef = 4A59349223F6F8BB00DA1433 /* MinaProjektViewController.swift */; };
		4A5EABBE23E1FAD100BA2B16 /* TimeReportInfo.swift in Sources */ = {isa = PBXBuildFile; fileRef = 4A5EABBD23E1FAD100BA2B16 /* TimeReportInfo.swift */; };
		4A5F459223E99D1C0081CFBF /* GoogleService-Info.plist in Resources */ = {isa = PBXBuildFile; fileRef = 4A5F459123E99D1C0081CFBF /* GoogleService-Info.plist */; };
		4A72448523E3F7C8008F7580 /* AppDelegate.swift in Sources */ = {isa = PBXBuildFile; fileRef = 4A72448423E3F7C8008F7580 /* AppDelegate.swift */; };
		4A72448723E3F8BD008F7580 /* SceneDelegate.swift in Sources */ = {isa = PBXBuildFile; fileRef = 4A72448623E3F8BC008F7580 /* SceneDelegate.swift */; };
		FFDD45158F691505AA0240D6 /* Pods_ceSprinklerTidrapportApp.framework in Frameworks */ = {isa = PBXBuildFile; fileRef = 9FB48F1B899457D55E7C0F96 /* Pods_ceSprinklerTidrapportApp.framework */; };
/* End PBXBuildFile section */

/* Begin PBXFileReference section */
		3C075577DADC98593E5F7491 /* Pods-ceSprinklerTidrapportApp.debug.xcconfig */ = {isa = PBXFileReference; includeInIndex = 1; lastKnownFileType = text.xcconfig; name = "Pods-ceSprinklerTidrapportApp.debug.xcconfig"; path = "Target Support Files/Pods-ceSprinklerTidrapportApp/Pods-ceSprinklerTidrapportApp.debug.xcconfig"; sourceTree = "<group>"; };
		4A3BBF2F23D2074800CA58A9 /* ceSprinklerTidrapportApp.app */ = {isa = PBXFileReference; explicitFileType = wrapper.application; includeInIndex = 0; path = ceSprinklerTidrapportApp.app; sourceTree = BUILT_PRODUCTS_DIR; };
		4A3BBF3623D2074800CA58A9 /* TimeRegisterSummaryViewController.swift */ = {isa = PBXFileReference; lastKnownFileType = sourcecode.swift; path = TimeRegisterSummaryViewController.swift; sourceTree = "<group>"; };
		4A3BBF3923D2074800CA58A9 /* Base */ = {isa = PBXFileReference; lastKnownFileType = file.storyboard; name = Base; path = Base.lproj/Main.storyboard; sourceTree = "<group>"; };
		4A3BBF3B23D2074A00CA58A9 /* Assets.xcassets */ = {isa = PBXFileReference; lastKnownFileType = folder.assetcatalog; path = Assets.xcassets; sourceTree = "<group>"; };
		4A3BBF4023D2074A00CA58A9 /* Info.plist */ = {isa = PBXFileReference; lastKnownFileType = text.plist.xml; path = Info.plist; sourceTree = "<group>"; };
		4A3BBF4623D2290200CA58A9 /* DesignableView.swift */ = {isa = PBXFileReference; lastKnownFileType = sourcecode.swift; path = DesignableView.swift; sourceTree = "<group>"; };
		4A4ED9F423D9C1F5008C90CB /* TimeRegisterViewController.swift */ = {isa = PBXFileReference; lastKnownFileType = sourcecode.swift; path = TimeRegisterViewController.swift; sourceTree = "<group>"; };
		4A59348E23F42C6A00DA1433 /* LogInViewController.swift */ = {isa = PBXFileReference; lastKnownFileType = sourcecode.swift; path = LogInViewController.swift; sourceTree = "<group>"; };
		4A59349023F441A400DA1433 /* HomeViewController.swift */ = {isa = PBXFileReference; lastKnownFileType = sourcecode.swift; path = HomeViewController.swift; sourceTree = "<group>"; };
		4A59349223F6F8BB00DA1433 /* MinaProjektViewController.swift */ = {isa = PBXFileReference; lastKnownFileType = sourcecode.swift; path = MinaProjektViewController.swift; sourceTree = "<group>"; };
		4A5EABBD23E1FAD100BA2B16 /* TimeReportInfo.swift */ = {isa = PBXFileReference; lastKnownFileType = sourcecode.swift; path = TimeReportInfo.swift; sourceTree = "<group>"; };
		4A5F459123E99D1C0081CFBF /* GoogleService-Info.plist */ = {isa = PBXFileReference; fileEncoding = 4; lastKnownFileType = text.plist.xml; path = "GoogleService-Info.plist"; sourceTree = "<group>"; };
		4A72448423E3F7C8008F7580 /* AppDelegate.swift */ = {isa = PBXFileReference; fileEncoding = 4; lastKnownFileType = sourcecode.swift; path = AppDelegate.swift; sourceTree = "<group>"; };
		4A72448623E3F8BC008F7580 /* SceneDelegate.swift */ = {isa = PBXFileReference; fileEncoding = 4; lastKnownFileType = sourcecode.swift; path = SceneDelegate.swift; sourceTree = "<group>"; };
		9D66CFAAB2B93E69686FDAC4 /* Pods-ceSprinklerTidrapportApp.release.xcconfig */ = {isa = PBXFileReference; includeInIndex = 1; lastKnownFileType = text.xcconfig; name = "Pods-ceSprinklerTidrapportApp.release.xcconfig"; path = "Target Support Files/Pods-ceSprinklerTidrapportApp/Pods-ceSprinklerTidrapportApp.release.xcconfig"; sourceTree = "<group>"; };
		9FB48F1B899457D55E7C0F96 /* Pods_ceSprinklerTidrapportApp.framework */ = {isa = PBXFileReference; explicitFileType = wrapper.framework; includeInIndex = 0; path = Pods_ceSprinklerTidrapportApp.framework; sourceTree = BUILT_PRODUCTS_DIR; };
/* End PBXFileReference section */

/* Begin PBXFrameworksBuildPhase section */
		4A3BBF2C23D2074800CA58A9 /* Frameworks */ = {
			isa = PBXFrameworksBuildPhase;
			buildActionMask = 2147483647;
			files = (
				FFDD45158F691505AA0240D6 /* Pods_ceSprinklerTidrapportApp.framework in Frameworks */,
			);
			runOnlyForDeploymentPostprocessing = 0;
		};
/* End PBXFrameworksBuildPhase section */

/* Begin PBXGroup section */
		4A3BBF2623D2074800CA58A9 = {
			isa = PBXGroup;
			children = (
				4A3BBF3123D2074800CA58A9 /* ceSprinklerTidrapportApp */,
				4A3BBF3023D2074800CA58A9 /* Products */,
				9681E332BF45B1424D29B47C /* Pods */,
				57EF00624CABD1F860AEA527 /* Frameworks */,
			);
			sourceTree = "<group>";
		};
		4A3BBF3023D2074800CA58A9 /* Products */ = {
			isa = PBXGroup;
			children = (
				4A3BBF2F23D2074800CA58A9 /* ceSprinklerTidrapportApp.app */,
			);
			name = Products;
			sourceTree = "<group>";
		};
		4A3BBF3123D2074800CA58A9 /* ceSprinklerTidrapportApp */ = {
			isa = PBXGroup;
			children = (
				4A72448423E3F7C8008F7580 /* AppDelegate.swift */,
				4A3BBF3823D2074800CA58A9 /* Main.storyboard */,
				4A59349223F6F8BB00DA1433 /* MinaProjektViewController.swift */,
				4A59348E23F42C6A00DA1433 /* LogInViewController.swift */,
				4A59349023F441A400DA1433 /* HomeViewController.swift */,
				4A3BBF3623D2074800CA58A9 /* TimeRegisterSummaryViewController.swift */,
				4A4ED9F423D9C1F5008C90CB /* TimeRegisterViewController.swift */,
				4A3BBF4623D2290200CA58A9 /* DesignableView.swift */,
				4A3BBF3B23D2074A00CA58A9 /* Assets.xcassets */,
				4A3BBF4023D2074A00CA58A9 /* Info.plist */,
				4A72448623E3F8BC008F7580 /* SceneDelegate.swift */,
				4A5EABBD23E1FAD100BA2B16 /* TimeReportInfo.swift */,
				4A5F459123E99D1C0081CFBF /* GoogleService-Info.plist */,
			);
			path = ceSprinklerTidrapportApp;
			sourceTree = "<group>";
		};
		57EF00624CABD1F860AEA527 /* Frameworks */ = {
			isa = PBXGroup;
			children = (
				9FB48F1B899457D55E7C0F96 /* Pods_ceSprinklerTidrapportApp.framework */,
			);
			name = Frameworks;
			sourceTree = "<group>";
		};
		9681E332BF45B1424D29B47C /* Pods */ = {
			isa = PBXGroup;
			children = (
				3C075577DADC98593E5F7491 /* Pods-ceSprinklerTidrapportApp.debug.xcconfig */,
				9D66CFAAB2B93E69686FDAC4 /* Pods-ceSprinklerTidrapportApp.release.xcconfig */,
			);
			path = Pods;
			sourceTree = "<group>";
		};
/* End PBXGroup section */

/* Begin PBXNativeTarget section */
		4A3BBF2E23D2074800CA58A9 /* ceSprinklerTidrapportApp */ = {
			isa = PBXNativeTarget;
			buildConfigurationList = 4A3BBF4323D2074A00CA58A9 /* Build configuration list for PBXNativeTarget "ceSprinklerTidrapportApp" */;
			buildPhases = (
				EACB262995A7732DCC40E69D /* [CP] Check Pods Manifest.lock */,
				4A3BBF2B23D2074800CA58A9 /* Sources */,
				4A3BBF2C23D2074800CA58A9 /* Frameworks */,
				4A3BBF2D23D2074800CA58A9 /* Resources */,
				1716764689E5B088DB1D829E /* [CP] Embed Pods Frameworks */,
			);
			buildRules = (
			);
			dependencies = (
			);
			name = ceSprinklerTidrapportApp;
			productName = ceSprinklerTidrapportApp;
			productReference = 4A3BBF2F23D2074800CA58A9 /* ceSprinklerTidrapportApp.app */;
			productType = "com.apple.product-type.application";
		};
/* End PBXNativeTarget section */

/* Begin PBXProject section */
		4A3BBF2723D2074800CA58A9 /* Project object */ = {
			isa = PBXProject;
			attributes = {
				LastSwiftUpdateCheck = 1130;
				LastUpgradeCheck = 1130;
				ORGANIZATIONNAME = "robin karlsson";
				TargetAttributes = {
					4A3BBF2E23D2074800CA58A9 = {
						CreatedOnToolsVersion = 11.3.1;
					};
				};
			};
			buildConfigurationList = 4A3BBF2A23D2074800CA58A9 /* Build configuration list for PBXProject "ceSprinklerTidrapportApp" */;
			compatibilityVersion = "Xcode 9.3";
			developmentRegion = en;
			hasScannedForEncodings = 0;
			knownRegions = (
				en,
				Base,
			);
			mainGroup = 4A3BBF2623D2074800CA58A9;
			productRefGroup = 4A3BBF3023D2074800CA58A9 /* Products */;
			projectDirPath = "";
			projectRoot = "";
			targets = (
				4A3BBF2E23D2074800CA58A9 /* ceSprinklerTidrapportApp */,
			);
		};
/* End PBXProject section */

/* Begin PBXResourcesBuildPhase section */
		4A3BBF2D23D2074800CA58A9 /* Resources */ = {
			isa = PBXResourcesBuildPhase;
			buildActionMask = 2147483647;
			files = (
				4A3BBF3C23D2074A00CA58A9 /* Assets.xcassets in Resources */,
				4A3BBF3A23D2074800CA58A9 /* Main.storyboard in Resources */,
				4A5F459223E99D1C0081CFBF /* GoogleService-Info.plist in Resources */,
			);
			runOnlyForDeploymentPostprocessing = 0;
		};
/* End PBXResourcesBuildPhase section */

/* Begin PBXShellScriptBuildPhase section */
		1716764689E5B088DB1D829E /* [CP] Embed Pods Frameworks */ = {
			isa = PBXShellScriptBuildPhase;
			buildActionMask = 2147483647;
			files = (
			);
			inputFileListPaths = (
				"${PODS_ROOT}/Target Support Files/Pods-ceSprinklerTidrapportApp/Pods-ceSprinklerTidrapportApp-frameworks-${CONFIGURATION}-input-files.xcfilelist",
			);
			name = "[CP] Embed Pods Frameworks";
			outputFileListPaths = (
				"${PODS_ROOT}/Target Support Files/Pods-ceSprinklerTidrapportApp/Pods-ceSprinklerTidrapportApp-frameworks-${CONFIGURATION}-output-files.xcfilelist",
			);
			runOnlyForDeploymentPostprocessing = 0;
			shellPath = /bin/sh;
			shellScript = "\"${PODS_ROOT}/Target Support Files/Pods-ceSprinklerTidrapportApp/Pods-ceSprinklerTidrapportApp-frameworks.sh\"\n";
			showEnvVarsInLog = 0;
		};
		EACB262995A7732DCC40E69D /* [CP] Check Pods Manifest.lock */ = {
			isa = PBXShellScriptBuildPhase;
			buildActionMask = 2147483647;
			files = (
			);
			inputFileListPaths = (
			);
			inputPaths = (
				"${PODS_PODFILE_DIR_PATH}/Podfile.lock",
				"${PODS_ROOT}/Manifest.lock",
			);
			name = "[CP] Check Pods Manifest.lock";
			outputFileListPaths = (
			);
			outputPaths = (
				"$(DERIVED_FILE_DIR)/Pods-ceSprinklerTidrapportApp-checkManifestLockResult.txt",
			);
			runOnlyForDeploymentPostprocessing = 0;
			shellPath = /bin/sh;
			shellScript = "diff \"${PODS_PODFILE_DIR_PATH}/Podfile.lock\" \"${PODS_ROOT}/Manifest.lock\" > /dev/null\nif [ $? != 0 ] ; then\n    # print error to STDERR\n    echo \"error: The sandbox is not in sync with the Podfile.lock. Run 'pod install' or update your CocoaPods installation.\" >&2\n    exit 1\nfi\n# This output is used by Xcode 'outputs' to avoid re-running this script phase.\necho \"SUCCESS\" > \"${SCRIPT_OUTPUT_FILE_0}\"\n";
			showEnvVarsInLog = 0;
		};
/* End PBXShellScriptBuildPhase section */

/* Begin PBXSourcesBuildPhase section */
		4A3BBF2B23D2074800CA58A9 /* Sources */ = {
			isa = PBXSourcesBuildPhase;
			buildActionMask = 2147483647;
			files = (
				4A5EABBE23E1FAD100BA2B16 /* TimeReportInfo.swift in Sources */,
				4A3BBF4723D2290200CA58A9 /* DesignableView.swift in Sources */,
				4A3BBF3723D2074800CA58A9 /* TimeRegisterSummaryViewController.swift in Sources */,
				4A59349123F441A400DA1433 /* HomeViewController.swift in Sources */,
				4A59348F23F42C6A00DA1433 /* LogInViewController.swift in Sources */,
				4A59349323F6F8BB00DA1433 /* MinaProjektViewController.swift in Sources */,
				4A72448523E3F7C8008F7580 /* AppDelegate.swift in Sources */,
				4A4ED9F523D9C1F5008C90CB /* TimeRegisterViewController.swift in Sources */,
				4A72448723E3F8BD008F7580 /* SceneDelegate.swift in Sources */,
			);
			runOnlyForDeploymentPostprocessing = 0;
		};
/* End PBXSourcesBuildPhase section */

/* Begin PBXVariantGroup section */
		4A3BBF3823D2074800CA58A9 /* Main.storyboard */ = {
			isa = PBXVariantGroup;
			children = (
				4A3BBF3923D2074800CA58A9 /* Base */,
			);
			name = Main.storyboard;
			sourceTree = "<group>";
		};
/* End PBXVariantGroup section */

/* Begin XCBuildConfiguration section */
		4A3BBF4123D2074A00CA58A9 /* Debug */ = {
			isa = XCBuildConfiguration;
			buildSettings = {
				ALWAYS_SEARCH_USER_PATHS = NO;
				CLANG_ANALYZER_NONNULL = YES;
				CLANG_ANALYZER_NUMBER_OBJECT_CONVERSION = YES_AGGRESSIVE;
				CLANG_CXX_LANGUAGE_STANDARD = "gnu++14";
				CLANG_CXX_LIBRARY = "libc++";
				CLANG_ENABLE_MODULES = YES;
				CLANG_ENABLE_OBJC_ARC = YES;
				CLANG_ENABLE_OBJC_WEAK = YES;
				CLANG_WARN_BLOCK_CAPTURE_AUTORELEASING = YES;
				CLANG_WARN_BOOL_CONVERSION = YES;
				CLANG_WARN_COMMA = YES;
				CLANG_WARN_CONSTANT_CONVERSION = YES;
				CLANG_WARN_DEPRECATED_OBJC_IMPLEMENTATIONS = YES;
				CLANG_WARN_DIRECT_OBJC_ISA_USAGE = YES_ERROR;
				CLANG_WARN_DOCUMENTATION_COMMENTS = YES;
				CLANG_WARN_EMPTY_BODY = YES;
				CLANG_WARN_ENUM_CONVERSION = YES;
				CLANG_WARN_INFINITE_RECURSION = YES;
				CLANG_WARN_INT_CONVERSION = YES;
				CLANG_WARN_NON_LITERAL_NULL_CONVERSION = YES;
				CLANG_WARN_OBJC_IMPLICIT_RETAIN_SELF = YES;
				CLANG_WARN_OBJC_LITERAL_CONVERSION = YES;
				CLANG_WARN_OBJC_ROOT_CLASS = YES_ERROR;
				CLANG_WARN_RANGE_LOOP_ANALYSIS = YES;
				CLANG_WARN_STRICT_PROTOTYPES = YES;
				CLANG_WARN_SUSPICIOUS_MOVE = YES;
				CLANG_WARN_UNGUARDED_AVAILABILITY = YES_AGGRESSIVE;
				CLANG_WARN_UNREACHABLE_CODE = YES;
				CLANG_WARN__DUPLICATE_METHOD_MATCH = YES;
				COPY_PHASE_STRIP = NO;
				DEBUG_INFORMATION_FORMAT = dwarf;
				ENABLE_STRICT_OBJC_MSGSEND = YES;
				ENABLE_TESTABILITY = YES;
				GCC_C_LANGUAGE_STANDARD = gnu11;
				GCC_DYNAMIC_NO_PIC = NO;
				GCC_NO_COMMON_BLOCKS = YES;
				GCC_OPTIMIZATION_LEVEL = 0;
				GCC_PREPROCESSOR_DEFINITIONS = (
					"DEBUG=1",
					"$(inherited)",
				);
				GCC_WARN_64_TO_32_BIT_CONVERSION = YES;
				GCC_WARN_ABOUT_RETURN_TYPE = YES_ERROR;
				GCC_WARN_UNDECLARED_SELECTOR = YES;
				GCC_WARN_UNINITIALIZED_AUTOS = YES_AGGRESSIVE;
				GCC_WARN_UNUSED_FUNCTION = YES;
				GCC_WARN_UNUSED_VARIABLE = YES;
				IPHONEOS_DEPLOYMENT_TARGET = 13.2;
				MTL_ENABLE_DEBUG_INFO = INCLUDE_SOURCE;
				MTL_FAST_MATH = YES;
				ONLY_ACTIVE_ARCH = YES;
				SDKROOT = iphoneos;
				SWIFT_ACTIVE_COMPILATION_CONDITIONS = DEBUG;
				SWIFT_OPTIMIZATION_LEVEL = "-Onone";
			};
			name = Debug;
		};
		4A3BBF4223D2074A00CA58A9 /* Release */ = {
			isa = XCBuildConfiguration;
			buildSettings = {
				ALWAYS_SEARCH_USER_PATHS = NO;
				CLANG_ANALYZER_NONNULL = YES;
				CLANG_ANALYZER_NUMBER_OBJECT_CONVERSION = YES_AGGRESSIVE;
				CLANG_CXX_LANGUAGE_STANDARD = "gnu++14";
				CLANG_CXX_LIBRARY = "libc++";
				CLANG_ENABLE_MODULES = YES;
				CLANG_ENABLE_OBJC_ARC = YES;
				CLANG_ENABLE_OBJC_WEAK = YES;
				CLANG_WARN_BLOCK_CAPTURE_AUTORELEASING = YES;
				CLANG_WARN_BOOL_CONVERSION = YES;
				CLANG_WARN_COMMA = YES;
				CLANG_WARN_CONSTANT_CONVERSION = YES;
				CLANG_WARN_DEPRECATED_OBJC_IMPLEMENTATIONS = YES;
				CLANG_WARN_DIRECT_OBJC_ISA_USAGE = YES_ERROR;
				CLANG_WARN_DOCUMENTATION_COMMENTS = YES;
				CLANG_WARN_EMPTY_BODY = YES;
				CLANG_WARN_ENUM_CONVERSION = YES;
				CLANG_WARN_INFINITE_RECURSION = YES;
				CLANG_WARN_INT_CONVERSION = YES;
				CLANG_WARN_NON_LITERAL_NULL_CONVERSION = YES;
				CLANG_WARN_OBJC_IMPLICIT_RETAIN_SELF = YES;
				CLANG_WARN_OBJC_LITERAL_CONVERSION = YES;
				CLANG_WARN_OBJC_ROOT_CLASS = YES_ERROR;
				CLANG_WARN_RANGE_LOOP_ANALYSIS = YES;
				CLANG_WARN_STRICT_PROTOTYPES = YES;
				CLANG_WARN_SUSPICIOUS_MOVE = YES;
				CLANG_WARN_UNGUARDED_AVAILABILITY = YES_AGGRESSIVE;
				CLANG_WARN_UNREACHABLE_CODE = YES;
				CLANG_WARN__DUPLICATE_METHOD_MATCH = YES;
				COPY_PHASE_STRIP = NO;
				DEBUG_INFORMATION_FORMAT = "dwarf-with-dsym";
				ENABLE_NS_ASSERTIONS = NO;
				ENABLE_STRICT_OBJC_MSGSEND = YES;
				GCC_C_LANGUAGE_STANDARD = gnu11;
				GCC_NO_COMMON_BLOCKS = YES;
				GCC_WARN_64_TO_32_BIT_CONVERSION = YES;
				GCC_WARN_ABOUT_RETURN_TYPE = YES_ERROR;
				GCC_WARN_UNDECLARED_SELECTOR = YES;
				GCC_WARN_UNINITIALIZED_AUTOS = YES_AGGRESSIVE;
				GCC_WARN_UNUSED_FUNCTION = YES;
				GCC_WARN_UNUSED_VARIABLE = YES;
				IPHONEOS_DEPLOYMENT_TARGET = 13.2;
				MTL_ENABLE_DEBUG_INFO = NO;
				MTL_FAST_MATH = YES;
				SDKROOT = iphoneos;
				SWIFT_COMPILATION_MODE = wholemodule;
				SWIFT_OPTIMIZATION_LEVEL = "-O";
				VALIDATE_PRODUCT = YES;
			};
			name = Release;
		};
		4A3BBF4423D2074A00CA58A9 /* Debug */ = {
			isa = XCBuildConfiguration;
			baseConfigurationReference = 3C075577DADC98593E5F7491 /* Pods-ceSprinklerTidrapportApp.debug.xcconfig */;
			buildSettings = {
				ASSETCATALOG_COMPILER_APPICON_NAME = AppIcon;
				CODE_SIGN_STYLE = Automatic;
				DEVELOPMENT_TEAM = A4PLFQ9CT8;
				INFOPLIST_FILE = ceSprinklerTidrapportApp/Info.plist;
				IPHONEOS_DEPLOYMENT_TARGET = 13.1;
				LD_RUNPATH_SEARCH_PATHS = (
					"$(inherited)",
					"@executable_path/Frameworks",
				);
				PRODUCT_BUNDLE_IDENTIFIER = com.Robin.ceSprinklerTidrapportApp;
				PRODUCT_NAME = "$(TARGET_NAME)";
				SWIFT_VERSION = 5.0;
				TARGETED_DEVICE_FAMILY = "1,2";
			};
			name = Debug;
		};
		4A3BBF4523D2074A00CA58A9 /* Release */ = {
			isa = XCBuildConfiguration;
			baseConfigurationReference = 9D66CFAAB2B93E69686FDAC4 /* Pods-ceSprinklerTidrapportApp.release.xcconfig */;
			buildSettings = {
				ASSETCATALOG_COMPILER_APPICON_NAME = AppIcon;
				CODE_SIGN_STYLE = Automatic;
				DEVELOPMENT_TEAM = A4PLFQ9CT8;
				INFOPLIST_FILE = ceSprinklerTidrapportApp/Info.plist;
				IPHONEOS_DEPLOYMENT_TARGET = 13.1;
				LD_RUNPATH_SEARCH_PATHS = (
					"$(inherited)",
					"@executable_path/Frameworks",
				);
				PRODUCT_BUNDLE_IDENTIFIER = com.Robin.ceSprinklerTidrapportApp;
				PRODUCT_NAME = "$(TARGET_NAME)";
				SWIFT_VERSION = 5.0;
				TARGETED_DEVICE_FAMILY = "1,2";
			};
			name = Release;
		};
/* End XCBuildConfiguration section */

/* Begin XCConfigurationList section */
		4A3BBF2A23D2074800CA58A9 /* Build configuration list for PBXProject "ceSprinklerTidrapportApp" */ = {
			isa = XCConfigurationList;
			buildConfigurations = (
				4A3BBF4123D2074A00CA58A9 /* Debug */,
				4A3BBF4223D2074A00CA58A9 /* Release */,
			);
			defaultConfigurationIsVisible = 0;
			defaultConfigurationName = Release;
		};
		4A3BBF4323D2074A00CA58A9 /* Build configuration list for PBXNativeTarget "ceSprinklerTidrapportApp" */ = {
			isa = XCConfigurationList;
			buildConfigurations = (
				4A3BBF4423D2074A00CA58A9 /* Debug */,
				4A3BBF4523D2074A00CA58A9 /* Release */,
			);
			defaultConfigurationIsVisible = 0;
			defaultConfigurationName = Release;
		};
/* End XCConfigurationList section */
	};
	rootObject = 4A3BBF2723D2074800CA58A9 /* Project object */;
}
